
Microsoft Visual Studio Solution File, Format Version 12.00
# Visual Studio 15
Project("{FAE04EC0-301F-11D3-BF4B-00C04F79EFBC}") = "Assembly-CSharp", "Assembly-CSharp.csproj", "{20F7A949-44CA-E370-0CF7-0005BE95F163}"
EndProject
Project("{FAE04EC0-301F-11D3-BF4B-00C04F79EFBC}") = "Assembly-CSharp-Editor", "Assembly-CSharp-Editor.csproj", "{AB495039-C81B-1B99-DB74-4265BD977B53}"
EndProject
Global
	GlobalSection(SolutionConfigurationPlatforms) = preSolution
		Debug|Any CPU = Debug|Any CPU
		Release|Any CPU = Release|Any CPU
	EndGlobalSection
	GlobalSection(ProjectConfigurationPlatforms) = postSolution
		{20F7A949-44CA-E370-0CF7-0005BE95F163}.Debug|Any CPU.ActiveCfg = Debug|Any CPU
		{20F7A949-44CA-E370-0CF7-0005BE95F163}.Debug|Any CPU.Build.0 = Debug|Any CPU
		{20F7A949-44CA-E370-0CF7-0005BE95F163}.Release|Any CPU.ActiveCfg = Release|Any CPU
		{20F7A949-44CA-E370-0CF7-0005BE95F163}.Release|Any CPU.Build.0 = Release|Any CPU
		{AB495039-C81B-1B99-DB74-4265BD977B53}.Debug|Any CPU.ActiveCfg = Debug|Any CPU
		{AB495039-C81B-1B99-DB74-4265BD977B53}.Debug|Any CPU.Build.0 = Debug|Any CPU
		{AB495039-C81B-1B99-DB74-4265BD977B53}.Release|Any CPU.ActiveCfg = Release|Any CPU
		{AB495039-C81B-1B99-DB74-4265BD977B53}.Release|Any CPU.Build.0 = Release|Any CPU
	EndGlobalSection
	GlobalSection(SolutionProperties) = preSolution
		HideSolutionNode = FALSE
	EndGlobalSection
EndGlobal
